
Microsoft Visual Studio Solution File, Format Version 12.00
Project("{FAE04EC0-301F-11D3-BF4B-00C04F79EFBC}") = "CommandServer", "CommandServer\CommandServer.csproj", "{568991C3-F279-469F-B362-F70E37EFAF4D}"
EndProject
Project("{FAE04EC0-301F-11D3-BF4B-00C04F79EFBC}") = "CameraCapture", "CameraCapture\CameraCapture.csproj", "{9CAC5EA2-17D6-4F8D-94C8-88B693E4A017}"
EndProject
Project("{FAE04EC0-301F-11D3-BF4B-00C04F79EFBC}") = "Terminal", "Terminal\Terminal.csproj", "{E31C55BB-9599-4E94-BE8F-C710815348BC}"
EndProject
Global
	GlobalSection(SolutionConfigurationPlatforms) = preSolution
		Debug|Any CPU = Debug|Any CPU
		Release|Any CPU = Release|Any CPU
	EndGlobalSection
	GlobalSection(ProjectConfigurationPlatforms) = postSolution
		{568991C3-F279-469F-B362-F70E37EFAF4D}.Debug|Any CPU.ActiveCfg = Debug|Any CPU
		{568991C3-F279-469F-B362-F70E37EFAF4D}.Debug|Any CPU.Build.0 = Debug|Any CPU
		{568991C3-F279-469F-B362-F70E37EFAF4D}.Release|Any CPU.ActiveCfg = Release|Any CPU
		{568991C3-F279-469F-B362-F70E37EFAF4D}.Release|Any CPU.Build.0 = Release|Any CPU
		{9CAC5EA2-17D6-4F8D-94C8-88B693E4A017}.Debug|Any CPU.ActiveCfg = Debug|Any CPU
		{9CAC5EA2-17D6-4F8D-94C8-88B693E4A017}.Debug|Any CPU.Build.0 = Debug|Any CPU
		{9CAC5EA2-17D6-4F8D-94C8-88B693E4A017}.Release|Any CPU.ActiveCfg = Release|Any CPU
		{9CAC5EA2-17D6-4F8D-94C8-88B693E4A017}.Release|Any CPU.Build.0 = Release|Any CPU
		{E31C55BB-9599-4E94-BE8F-C710815348BC}.Debug|Any CPU.ActiveCfg = Debug|Any CPU
		{E31C55BB-9599-4E94-BE8F-C710815348BC}.Debug|Any CPU.Build.0 = Debug|Any CPU
		{E31C55BB-9599-4E94-BE8F-C710815348BC}.Release|Any CPU.ActiveCfg = Release|Any CPU
		{E31C55BB-9599-4E94-BE8F-C710815348BC}.Release|Any CPU.Build.0 = Release|Any CPU
	EndGlobalSection
EndGlobal
